
Microsoft Visual Studio Solution File, Format Version 12.00
# Visual Studio Version 17
VisualStudioVersion = 17.13.35931.197 d17.13
MinimumVisualStudioVersion = 10.0.40219.1
Project("{FAE04EC0-301F-11D3-BF4B-00C04F79EFBC}") = "ControleDeMedicamentos.ConsoleApp", "ControleDeMedicamentos.ConsoleApp\ControleDeMedicamentos.ConsoleApp.csproj", "{5B3C0F98-E546-48BA-B8BE-88466A52988B}"
EndProject
Global
	GlobalSection(SolutionConfigurationPlatforms) = preSolution
		Debug|Any CPU = Debug|Any CPU
		Release|Any CPU = Release|Any CPU
	EndGlobalSection
	GlobalSection(ProjectConfigurationPlatforms) = postSolution
		{5B3C0F98-E546-48BA-B8BE-88466A52988B}.Debug|Any CPU.ActiveCfg = Debug|Any CPU
		{5B3C0F98-E546-48BA-B8BE-88466A52988B}.Debug|Any CPU.Build.0 = Debug|Any CPU
		{5B3C0F98-E546-48BA-B8BE-88466A52988B}.Release|Any CPU.ActiveCfg = Release|Any CPU
		{5B3C0F98-E546-48BA-B8BE-88466A52988B}.Release|Any CPU.Build.0 = Release|Any CPU
	EndGlobalSection
	GlobalSection(SolutionProperties) = preSolution
		HideSolutionNode = FALSE
	EndGlobalSection
	GlobalSection(ExtensibilityGlobals) = postSolution
		SolutionGuid = {C849F7EA-CFF3-4544-8DF9-CFCDE8B9E923}
	EndGlobalSection
EndGlobal
